Microsoft Visual Studio Solution File, Format Version 12.00
# Visual Studio 15
VisualStudioVersion = 15.0.26430.14
MinimumVisualStudioVersion = 10.0.40219.1
Project("{FAE04EC0-301F-11D3-BF4B-00C04F79EFBC}") = "RestApiClient.Standard", "RestApiClient.Standard/RestApiClient.Standard.csproj", "{27556d72-0b6e-47d9-92d1-b0f4018a69cf}"
EndProject
Global
    GlobalSection(SolutionConfigurationPlatforms) = preSolution
        Debug|Any CPU = Debug|Any CPU
        Release|Any CPU = Release|Any CPU
    EndGlobalSection
    GlobalSection(ProjectConfigurationPlatforms) = postSolution
        {27556d72-0b6e-47d9-92d1-b0f4018a69cf}.Debug|Any CPU.ActiveCfg = Debug|Any CPU
        {27556d72-0b6e-47d9-92d1-b0f4018a69cf}.Debug|Any CPU.Build.0 = Debug|Any CPU
        {27556d72-0b6e-47d9-92d1-b0f4018a69cf}.Release|Any CPU.ActiveCfg = Release|Any CPU
        {27556d72-0b6e-47d9-92d1-b0f4018a69cf}.Release|Any CPU.Build.0 = Release|Any CPU
    EndGlobalSection
    GlobalSection(SolutionProperties) = preSolution
        HideSolutionNode = FALSE
    EndGlobalSection
EndGlobal
